
Microsoft Visual Studio Solution File, Format Version 12.00
# Visual Studio Version 17
VisualStudioVersion = 17.10.35027.167
MinimumVisualStudioVersion = 10.0.40219.1
Project("{8BC9CEB8-8B4A-11D0-8D11-00A0C91BC942}") = "From Remote Server", "From Remote Server\From Remote Server.vcxproj", "{3BAB0BB1-BC5F-4CEE-B9B9-F204BD13AED6}"
EndProject
Global
	GlobalSection(SolutionConfigurationPlatforms) = preSolution
		Debug|x64 = Debug|x64
		Debug|x86 = Debug|x86
		Release|x64 = Release|x64
		Release|x86 = Release|x86
	EndGlobalSection
	GlobalSection(ProjectConfigurationPlatforms) = postSolution
		{3BAB0BB1-BC5F-4CEE-B9B9-F204BD13AED6}.Debug|x64.ActiveCfg = Debug|x64
		{3BAB0BB1-BC5F-4CEE-B9B9-F204BD13AED6}.Debug|x64.Build.0 = Debug|x64
		{3BAB0BB1-BC5F-4CEE-B9B9-F204BD13AED6}.Debug|x86.ActiveCfg = Debug|Win32
		{3BAB0BB1-BC5F-4CEE-B9B9-F204BD13AED6}.Debug|x86.Build.0 = Debug|Win32
		{3BAB0BB1-BC5F-4CEE-B9B9-F204BD13AED6}.Release|x64.ActiveCfg = Release|x64
		{3BAB0BB1-BC5F-4CEE-B9B9-F204BD13AED6}.Release|x64.Build.0 = Release|x64
		{3BAB0BB1-BC5F-4CEE-B9B9-F204BD13AED6}.Release|x86.ActiveCfg = Release|Win32
		{3BAB0BB1-BC5F-4CEE-B9B9-F204BD13AED6}.Release|x86.Build.0 = Release|Win32
	EndGlobalSection
	GlobalSection(SolutionProperties) = preSolution
		HideSolutionNode = FALSE
	EndGlobalSection
	GlobalSection(ExtensibilityGlobals) = postSolution
		SolutionGuid = {2020E42C-5937-4F52-9022-CE461F3DC1B4}
	EndGlobalSection
EndGlobal
